
Microsoft Visual Studio Solution File, Format Version 12.00
Project("{FAE04EC0-301F-11D3-BF4B-00C04F79EFBC}") = "CSharpGameOfLifeOptimizationChallenge", "CSharpGameOfLifeOptimizationChallenge\CSharpGameOfLifeOptimizationChallenge.csproj", "{32AF3308-1C5B-40CA-9153-6F101A91459B}"
EndProject
Global
	GlobalSection(SolutionConfigurationPlatforms) = preSolution
		Debug|Any CPU = Debug|Any CPU
		Release|Any CPU = Release|Any CPU
	EndGlobalSection
	GlobalSection(ProjectConfigurationPlatforms) = postSolution
		{32AF3308-1C5B-40CA-9153-6F101A91459B}.Debug|Any CPU.ActiveCfg = Debug|Any CPU
		{32AF3308-1C5B-40CA-9153-6F101A91459B}.Debug|Any CPU.Build.0 = Debug|Any CPU
		{32AF3308-1C5B-40CA-9153-6F101A91459B}.Release|Any CPU.ActiveCfg = Release|Any CPU
		{32AF3308-1C5B-40CA-9153-6F101A91459B}.Release|Any CPU.Build.0 = Release|Any CPU
	EndGlobalSection
EndGlobal
